
Microsoft Visual Studio Solution File, Format Version 12.00
# Visual Studio Version 17
VisualStudioVersion = 17.7.33913.275
MinimumVisualStudioVersion = 10.0.40219.1
Project("{FAE04EC0-301F-11D3-BF4B-00C04F79EFBC}") = "GamerVII.Launcher", "GamerVII.Launcher\GamerVII.Launcher.csproj", "{9842BA28-A912-4F4C-8077-C9E3C3C292DD}"
EndProject
Global
	GlobalSection(SolutionConfigurationPlatforms) = preSolution
		Debug|Any CPU = Debug|Any CPU
		Release|Any CPU = Release|Any CPU
	EndGlobalSection
	GlobalSection(ProjectConfigurationPlatforms) = postSolution
		{9842BA28-A912-4F4C-8077-C9E3C3C292DD}.Debug|Any CPU.ActiveCfg = Debug|Any CPU
		{9842BA28-A912-4F4C-8077-C9E3C3C292DD}.Debug|Any CPU.Build.0 = Debug|Any CPU
		{9842BA28-A912-4F4C-8077-C9E3C3C292DD}.Release|Any CPU.ActiveCfg = Release|Any CPU
		{9842BA28-A912-4F4C-8077-C9E3C3C292DD}.Release|Any CPU.Build.0 = Release|Any CPU
	EndGlobalSection
	GlobalSection(SolutionProperties) = preSolution
		HideSolutionNode = FALSE
	EndGlobalSection
	GlobalSection(ExtensibilityGlobals) = postSolution
		SolutionGuid = {E0375879-A52D-4581-81EF-7A27063F494F}
	EndGlobalSection
EndGlobal
