
Microsoft Visual Studio Solution File, Format Version 12.00
# Visual Studio Version 17
VisualStudioVersion = 17.7.33913.275
MinimumVisualStudioVersion = 10.0.40219.1
Project("{2150E333-8FDC-42A3-9474-1A3956D46DE8}") = "src", "src", "{662268E9-BD01-43C7-924B-F4F285C8D391}"
EndProject
Project("{2150E333-8FDC-42A3-9474-1A3956D46DE8}") = "common", "common", "{09A80297-F0EB-4A8F-8CD1-20DF8AD12D38}"
	ProjectSection(SolutionItems) = preProject
		README.md = README.md
		.editorconfig = .editorconfig
		.gitignore = .gitignore
		load-repositories.bat = load-repositories.bat
		load-repositories.sh = load-repositories.sh
		.github\workflows\dotnet.yml = .github\workflows\dotnet.yml
		src\Gml.Client\README.md = src\Gml.Client\README.md
		.gitmodules = .gitmodules
	EndProjectSection
EndProject
Project("{FAE04EC0-301F-11D3-BF4B-00C04F79EFBC}") = "Gml.Launcher", "src\Gml.Launcher\Gml.Launcher.csproj", "{F2771E71-C782-4713-862F-217694DDDFF5}"
EndProject
Project("{2150E333-8FDC-42A3-9474-1A3956D46DE8}") = "tests", "tests", "{53569526-A495-4E84-ADF3-83D2188318AB}"
EndProject
Project("{FAE04EC0-301F-11D3-BF4B-00C04F79EFBC}") = "Gml.Client", "src\Gml.Client\src\Gml.Client\Gml.Client.csproj", "{49013DAA-207C-4542-8F85-671FB45797F4}"
EndProject
Project("{FAE04EC0-301F-11D3-BF4B-00C04F79EFBC}") = "Gml.Client.Tests", "src\Gml.Client\tests\Gml.Client.Tests\Gml.Client.Tests.csproj", "{34519B31-294B-4868-BFDB-817E550A54EC}"
EndProject
Project("{FAE04EC0-301F-11D3-BF4B-00C04F79EFBC}") = "GamerVII.Notification.Avalonia", "src\GamerVII.Notification.Avalonia\GamerVII.Notification.Avalonia\GamerVII.Notification.Avalonia.csproj", "{B8E0451C-3C44-470B-9853-C7D0A3648C20}"
EndProject
Project("{FAE04EC0-301F-11D3-BF4B-00C04F79EFBC}") = "Gml.Web.Api.Dto", "src\Gml.Client\src\Gml.Web.Api.Dto\Gml.Web.Api.Dto.csproj", "{20707D1F-FF51-4E7B-BF99-2B87065AFDC7}"
EndProject
Project("{FAE04EC0-301F-11D3-BF4B-00C04F79EFBC}") = "Gml.Web.Api.Domains", "src\Gml.Client\src\Gml.Web.Api.Domains\Gml.Web.Api.Domains.csproj", "{88B821C7-B895-4CB0-832A-5B66138B6AF2}"
EndProject
Project("{FAE04EC0-301F-11D3-BF4B-00C04F79EFBC}") = "Gml.Core.Interfaces", "src\Gml.Client\src\Gml.Core.Interfaces\Gml.Core.Interfaces.csproj", "{AE697645-C3EB-4FC8-AAA6-932B9751D348}"
EndProject
Project("{FAE04EC0-301F-11D3-BF4B-00C04F79EFBC}") = "L1.Avalonia.Gif", "src\L1.Avalonia.Gif\L1.Avalonia.Gif.csproj", "{19B15268-CF4D-4571-8DF3-6EBC586BB856}"
EndProject
Project("{2150E333-8FDC-42A3-9474-1A3956D46DE8}") = "launcher", "launcher", "{48DF3E50-4AB6-4569-9C79-E8FAC444434E}"
EndProject
Global
	GlobalSection(SolutionConfigurationPlatforms) = preSolution
		Debug|Any CPU = Debug|Any CPU
		Release|Any CPU = Release|Any CPU
	EndGlobalSection
	GlobalSection(ProjectConfigurationPlatforms) = postSolution
		{F2771E71-C782-4713-862F-217694DDDFF5}.Debug|Any CPU.ActiveCfg = Debug|Any CPU
		{F2771E71-C782-4713-862F-217694DDDFF5}.Debug|Any CPU.Build.0 = Debug|Any CPU
		{F2771E71-C782-4713-862F-217694DDDFF5}.Release|Any CPU.ActiveCfg = Release|Any CPU
		{F2771E71-C782-4713-862F-217694DDDFF5}.Release|Any CPU.Build.0 = Release|Any CPU
		{49013DAA-207C-4542-8F85-671FB45797F4}.Debug|Any CPU.ActiveCfg = Debug|Any CPU
		{49013DAA-207C-4542-8F85-671FB45797F4}.Debug|Any CPU.Build.0 = Debug|Any CPU
		{49013DAA-207C-4542-8F85-671FB45797F4}.Release|Any CPU.ActiveCfg = Release|Any CPU
		{49013DAA-207C-4542-8F85-671FB45797F4}.Release|Any CPU.Build.0 = Release|Any CPU
		{34519B31-294B-4868-BFDB-817E550A54EC}.Debug|Any CPU.ActiveCfg = Debug|Any CPU
		{34519B31-294B-4868-BFDB-817E550A54EC}.Debug|Any CPU.Build.0 = Debug|Any CPU
		{34519B31-294B-4868-BFDB-817E550A54EC}.Release|Any CPU.ActiveCfg = Release|Any CPU
		{34519B31-294B-4868-BFDB-817E550A54EC}.Release|Any CPU.Build.0 = Release|Any CPU
		{B8E0451C-3C44-470B-9853-C7D0A3648C20}.Debug|Any CPU.ActiveCfg = Debug|Any CPU
		{B8E0451C-3C44-470B-9853-C7D0A3648C20}.Debug|Any CPU.Build.0 = Debug|Any CPU
		{B8E0451C-3C44-470B-9853-C7D0A3648C20}.Release|Any CPU.ActiveCfg = Release|Any CPU
		{B8E0451C-3C44-470B-9853-C7D0A3648C20}.Release|Any CPU.Build.0 = Release|Any CPU
		{20707D1F-FF51-4E7B-BF99-2B87065AFDC7}.Debug|Any CPU.ActiveCfg = Debug|Any CPU
		{20707D1F-FF51-4E7B-BF99-2B87065AFDC7}.Debug|Any CPU.Build.0 = Debug|Any CPU
		{20707D1F-FF51-4E7B-BF99-2B87065AFDC7}.Release|Any CPU.ActiveCfg = Release|Any CPU
		{20707D1F-FF51-4E7B-BF99-2B87065AFDC7}.Release|Any CPU.Build.0 = Release|Any CPU
		{88B821C7-B895-4CB0-832A-5B66138B6AF2}.Debug|Any CPU.ActiveCfg = Debug|Any CPU
		{88B821C7-B895-4CB0-832A-5B66138B6AF2}.Debug|Any CPU.Build.0 = Debug|Any CPU
		{88B821C7-B895-4CB0-832A-5B66138B6AF2}.Release|Any CPU.ActiveCfg = Release|Any CPU
		{88B821C7-B895-4CB0-832A-5B66138B6AF2}.Release|Any CPU.Build.0 = Release|Any CPU
		{AE697645-C3EB-4FC8-AAA6-932B9751D348}.Debug|Any CPU.ActiveCfg = Debug|Any CPU
		{AE697645-C3EB-4FC8-AAA6-932B9751D348}.Debug|Any CPU.Build.0 = Debug|Any CPU
		{AE697645-C3EB-4FC8-AAA6-932B9751D348}.Release|Any CPU.ActiveCfg = Release|Any CPU
		{AE697645-C3EB-4FC8-AAA6-932B9751D348}.Release|Any CPU.Build.0 = Release|Any CPU
		{19B15268-CF4D-4571-8DF3-6EBC586BB856}.Debug|Any CPU.ActiveCfg = Debug|Any CPU
		{19B15268-CF4D-4571-8DF3-6EBC586BB856}.Debug|Any CPU.Build.0 = Debug|Any CPU
		{19B15268-CF4D-4571-8DF3-6EBC586BB856}.Release|Any CPU.ActiveCfg = Release|Any CPU
		{19B15268-CF4D-4571-8DF3-6EBC586BB856}.Release|Any CPU.Build.0 = Release|Any CPU
	EndGlobalSection
	GlobalSection(SolutionProperties) = preSolution
		HideSolutionNode = FALSE
	EndGlobalSection
	GlobalSection(ExtensibilityGlobals) = postSolution
		SolutionGuid = {E0375879-A52D-4581-81EF-7A27063F494F}
	EndGlobalSection
	GlobalSection(NestedProjects) = preSolution
		{49013DAA-207C-4542-8F85-671FB45797F4} = {662268E9-BD01-43C7-924B-F4F285C8D391}
		{34519B31-294B-4868-BFDB-817E550A54EC} = {53569526-A495-4E84-ADF3-83D2188318AB}
		{B8E0451C-3C44-470B-9853-C7D0A3648C20} = {662268E9-BD01-43C7-924B-F4F285C8D391}
		{20707D1F-FF51-4E7B-BF99-2B87065AFDC7} = {662268E9-BD01-43C7-924B-F4F285C8D391}
		{88B821C7-B895-4CB0-832A-5B66138B6AF2} = {662268E9-BD01-43C7-924B-F4F285C8D391}
		{AE697645-C3EB-4FC8-AAA6-932B9751D348} = {662268E9-BD01-43C7-924B-F4F285C8D391}
		{19B15268-CF4D-4571-8DF3-6EBC586BB856} = {662268E9-BD01-43C7-924B-F4F285C8D391}
		{F2771E71-C782-4713-862F-217694DDDFF5} = {48DF3E50-4AB6-4569-9C79-E8FAC444434E}
	EndGlobalSection
EndGlobal
